
Microsoft Visual Studio Solution File, Format Version 12.00
# Visual Studio Version 17
VisualStudioVersion = 17.13.35913.81 d17.13
MinimumVisualStudioVersion = 10.0.40219.1
Project("{FAE04EC0-301F-11D3-BF4B-00C04F79EFBC}") = "ai_chat_helper_net8", "ai_chat_helper_net8\ai_chat_helper_net8.csproj", "{4D05E840-972C-469D-B361-550318C641B4}"
EndProject
Global
	GlobalSection(SolutionConfigurationPlatforms) = preSolution
		Debug|Any CPU = Debug|Any CPU
		Release|Any CPU = Release|Any CPU
	EndGlobalSection
	GlobalSection(ProjectConfigurationPlatforms) = postSolution
		{4D05E840-972C-469D-B361-550318C641B4}.Debug|Any CPU.ActiveCfg = Debug|Any CPU
		{4D05E840-972C-469D-B361-550318C641B4}.Debug|Any CPU.Build.0 = Debug|Any CPU
		{4D05E840-972C-469D-B361-550318C641B4}.Release|Any CPU.ActiveCfg = Release|Any CPU
		{4D05E840-972C-469D-B361-550318C641B4}.Release|Any CPU.Build.0 = Release|Any CPU
	EndGlobalSection
	GlobalSection(SolutionProperties) = preSolution
		HideSolutionNode = FALSE
	EndGlobalSection
	GlobalSection(ExtensibilityGlobals) = postSolution
		SolutionGuid = {7387B6AE-75FB-4D3B-ABD3-279DD3A9F70F}
	EndGlobalSection
EndGlobal
